// !$*UTF8*$!
{
	archiveVersion = 1;
	classes = {
	};
	objectVersion = 51;
	objects = {

/* Begin PBXBuildFile section */
		19AD4E54D1FDC217E8CA7FE7 /* Pods_Chemobrain_Training_App.framework in Frameworks */ = {isa = PBXBuildFile; fileRef = B1A50AB92B212F90079C080C /* Pods_Chemobrain_Training_App.framework */; };
		F222302726690EDB00435E92 /* Chemobrain_Training_AppApp.swift in Sources */ = {isa = PBXBuildFile; fileRef = F222302626690EDB00435E92 /* Chemobrain_Training_AppApp.swift */; };
		F222302926690EDB00435E92 /* ContentView.swift in Sources */ = {isa = PBXBuildFile; fileRef = F222302826690EDB00435E92 /* ContentView.swift */; };
		F222302B26690EDD00435E92 /* Assets.xcassets in Resources */ = {isa = PBXBuildFile; fileRef = F222302A26690EDD00435E92 /* Assets.xcassets */; };
		F222302E26690EDD00435E92 /* Preview Assets.xcassets in Resources */ = {isa = PBXBuildFile; fileRef = F222302D26690EDD00435E92 /* Preview Assets.xcassets */; };
		F251FF7C267A4EA6004887FF /* HomeView.swift in Sources */ = {isa = PBXBuildFile; fileRef = F251FF7B267A4EA6004887FF /* HomeView.swift */; };
		F251FF80267A4EEC004887FF /* RegisterView.swift in Sources */ = {isa = PBXBuildFile; fileRef = F251FF7F267A4EEC004887FF /* RegisterView.swift */; };
		F251FF82267A4F6C004887FF /* LoginView.swift in Sources */ = {isa = PBXBuildFile; fileRef = F251FF81267A4F6C004887FF /* LoginView.swift */; };
		F2A93F19266FBE830067662D /* MyButtonStyle.swift in Sources */ = {isa = PBXBuildFile; fileRef = F2A93F18266FBE830067662D /* MyButtonStyle.swift */; };
		F2A93F1D266FC7EB0067662D /* AppNavigationManager.swift in Sources */ = {isa = PBXBuildFile; fileRef = F2A93F1C266FC7EB0067662D /* AppNavigationManager.swift */; };
		F2E2A927268399C500143E69 /* GoogleService-Info.plist in Resources */ = {isa = PBXBuildFile; fileRef = F2E2A926268399C500143E69 /* GoogleService-Info.plist */; };
		F2E2A9292684CD6900143E69 /* AppViewModel.swift in Sources */ = {isa = PBXBuildFile; fileRef = F2E2A9282684CD6900143E69 /* AppViewModel.swift */; };
/* End PBXBuildFile section */

/* Begin PBXFileReference section */
		1E2A794953DAEE1FF8B3E20C /* Pods-Chemobrain Training App.release.xcconfig */ = {isa = PBXFileReference; includeInIndex = 1; lastKnownFileType = text.xcconfig; name = "Pods-Chemobrain Training App.release.xcconfig"; path = "Target Support Files/Pods-Chemobrain Training App/Pods-Chemobrain Training App.release.xcconfig"; sourceTree = "<group>"; };
		ABCD577C4DF6AD3744148D79 /* Pods-Chemobrain Training App.debug.xcconfig */ = {isa = PBXFileReference; includeInIndex = 1; lastKnownFileType = text.xcconfig; name = "Pods-Chemobrain Training App.debug.xcconfig"; path = "Target Support Files/Pods-Chemobrain Training App/Pods-Chemobrain Training App.debug.xcconfig"; sourceTree = "<group>"; };
		B1A50AB92B212F90079C080C /* Pods_Chemobrain_Training_App.framework */ = {isa = PBXFileReference; explicitFileType = wrapper.framework; includeInIndex = 0; path = Pods_Chemobrain_Training_App.framework; sourceTree = BUILT_PRODUCTS_DIR; };
		F222302326690EDB00435E92 /* Chemobrain Training App.app */ = {isa = PBXFileReference; explicitFileType = wrapper.application; includeInIndex = 0; path = "Chemobrain Training App.app"; sourceTree = BUILT_PRODUCTS_DIR; };
		F222302626690EDB00435E92 /* Chemobrain_Training_AppApp.swift */ = {isa = PBXFileReference; lastKnownFileType = sourcecode.swift; path = Chemobrain_Training_AppApp.swift; sourceTree = "<group>"; };
		F222302826690EDB00435E92 /* ContentView.swift */ = {isa = PBXFileReference; lastKnownFileType = sourcecode.swift; path = ContentView.swift; sourceTree = "<group>"; };
		F222302A26690EDD00435E92 /* Assets.xcassets */ = {isa = PBXFileReference; lastKnownFileType = folder.assetcatalog; path = Assets.xcassets; sourceTree = "<group>"; };
		F222302D26690EDD00435E92 /* Preview Assets.xcassets */ = {isa = PBXFileReference; lastKnownFileType = folder.assetcatalog; path = "Preview Assets.xcassets"; sourceTree = "<group>"; };
		F222302F26690EDD00435E92 /* Info.plist */ = {isa = PBXFileReference; lastKnownFileType = text.plist.xml; path = Info.plist; sourceTree = "<group>"; };
		F251FF7B267A4EA6004887FF /* HomeView.swift */ = {isa = PBXFileReference; lastKnownFileType = sourcecode.swift; path = HomeView.swift; sourceTree = "<group>"; };
		F251FF7F267A4EEC004887FF /* RegisterView.swift */ = {isa = PBXFileReference; lastKnownFileType = sourcecode.swift; path = RegisterView.swift; sourceTree = "<group>"; };
		F251FF81267A4F6C004887FF /* LoginView.swift */ = {isa = PBXFileReference; lastKnownFileType = sourcecode.swift; path = LoginView.swift; sourceTree = "<group>"; };
		F2A93F18266FBE830067662D /* MyButtonStyle.swift */ = {isa = PBXFileReference; lastKnownFileType = sourcecode.swift; path = MyButtonStyle.swift; sourceTree = "<group>"; };
		F2A93F1C266FC7EB0067662D /* AppNavigationManager.swift */ = {isa = PBXFileReference; lastKnownFileType = sourcecode.swift; path = AppNavigationManager.swift; sourceTree = "<group>"; };
		F2E2A926268399C500143E69 /* GoogleService-Info.plist */ = {isa = PBXFileReference; fileEncoding = 4; lastKnownFileType = text.plist.xml; path = "GoogleService-Info.plist"; sourceTree = "<group>"; };
		F2E2A9282684CD6900143E69 /* AppViewModel.swift */ = {isa = PBXFileReference; lastKnownFileType = sourcecode.swift; path = AppViewModel.swift; sourceTree = "<group>"; };
/* End PBXFileReference section */

/* Begin PBXFrameworksBuildPhase section */
		F222302026690EDB00435E92 /* Frameworks */ = {
			isa = PBXFrameworksBuildPhase;
			buildActionMask = 2147483647;
			files = (
				19AD4E54D1FDC217E8CA7FE7 /* Pods_Chemobrain_Training_App.framework in Frameworks */,
			);
			runOnlyForDeploymentPostprocessing = 0;
		};
/* End PBXFrameworksBuildPhase section */

/* Begin PBXGroup section */
		4E8AF96CD4BB02E9DEA0A801 /* Frameworks */ = {
			isa = PBXGroup;
			children = (
				B1A50AB92B212F90079C080C /* Pods_Chemobrain_Training_App.framework */,
			);
			name = Frameworks;
			sourceTree = "<group>";
		};
		9B08A5A9383B3F5D692F2AB3 /* Pods */ = {
			isa = PBXGroup;
			children = (
				ABCD577C4DF6AD3744148D79 /* Pods-Chemobrain Training App.debug.xcconfig */,
				1E2A794953DAEE1FF8B3E20C /* Pods-Chemobrain Training App.release.xcconfig */,
			);
			path = Pods;
			sourceTree = "<group>";
		};
		F222301A26690EDB00435E92 = {
			isa = PBXGroup;
			children = (
				F222302526690EDB00435E92 /* Chemobrain Training App */,
				F222302426690EDB00435E92 /* Products */,
				9B08A5A9383B3F5D692F2AB3 /* Pods */,
				4E8AF96CD4BB02E9DEA0A801 /* Frameworks */,
			);
			sourceTree = "<group>";
		};
		F222302426690EDB00435E92 /* Products */ = {
			isa = PBXGroup;
			children = (
				F222302326690EDB00435E92 /* Chemobrain Training App.app */,
			);
			name = Products;
			sourceTree = "<group>";
		};
		F222302526690EDB00435E92 /* Chemobrain Training App */ = {
			isa = PBXGroup;
			children = (
				F222302626690EDB00435E92 /* Chemobrain_Training_AppApp.swift */,
				F251FF7E267A4EBF004887FF /* Model */,
				F251FF7D267A4EB1004887FF /* View */,
				F251FF83267A4FA1004887FF /* Controller */,
				F222302A26690EDD00435E92 /* Assets.xcassets */,
				F2E2A926268399C500143E69 /* GoogleService-Info.plist */,
				F222302F26690EDD00435E92 /* Info.plist */,
				F222302C26690EDD00435E92 /* Preview Content */,
			);
			path = "Chemobrain Training App";
			sourceTree = "<group>";
		};
		F222302C26690EDD00435E92 /* Preview Content */ = {
			isa = PBXGroup;
			children = (
				F222302D26690EDD00435E92 /* Preview Assets.xcassets */,
			);
			path = "Preview Content";
			sourceTree = "<group>";
		};
		F251FF7D267A4EB1004887FF /* View */ = {
			isa = PBXGroup;
			children = (
				F222302826690EDB00435E92 /* ContentView.swift */,
				F251FF7B267A4EA6004887FF /* HomeView.swift */,
				F251FF7F267A4EEC004887FF /* RegisterView.swift */,
				F251FF81267A4F6C004887FF /* LoginView.swift */,
			);
			path = View;
			sourceTree = "<group>";
		};
		F251FF7E267A4EBF004887FF /* Model */ = {
			isa = PBXGroup;
			children = (
				F2A93F18266FBE830067662D /* MyButtonStyle.swift */,
				F2E2A9282684CD6900143E69 /* AppViewModel.swift */,
			);
			path = Model;
			sourceTree = "<group>";
		};
		F251FF83267A4FA1004887FF /* Controller */ = {
			isa = PBXGroup;
			children = (
				F2A93F1C266FC7EB0067662D /* AppNavigationManager.swift */,
			);
			path = Controller;
			sourceTree = "<group>";
		};
/* End PBXGroup section */

/* Begin PBXNativeTarget section */
		F222302226690EDB00435E92 /* Chemobrain Training App */ = {
			isa = PBXNativeTarget;
			buildConfigurationList = F222303226690EDD00435E92 /* Build configuration list for PBXNativeTarget "Chemobrain Training App" */;
			buildPhases = (
				B64A1A1A0C4DF6AAE0ECCF8B /* [CP] Check Pods Manifest.lock */,
				F222301F26690EDB00435E92 /* Sources */,
				F222302026690EDB00435E92 /* Frameworks */,
				F222302126690EDB00435E92 /* Resources */,
				C19B10EB416D4FBC54750D18 /* [CP] Embed Pods Frameworks */,
			);
			buildRules = (
			);
			dependencies = (
			);
			name = "Chemobrain Training App";
			productName = "Chemobrain Training App";
			productReference = F222302326690EDB00435E92 /* Chemobrain Training App.app */;
			productType = "com.apple.product-type.application";
		};
/* End PBXNativeTarget section */

/* Begin PBXProject section */
		F222301B26690EDB00435E92 /* Project object */ = {
			isa = PBXProject;
			attributes = {
				LastSwiftUpdateCheck = 1250;
				LastUpgradeCheck = 1250;
				TargetAttributes = {
					F222302226690EDB00435E92 = {
						CreatedOnToolsVersion = 12.5;
					};
				};
			};
			buildConfigurationList = F222301E26690EDB00435E92 /* Build configuration list for PBXProject "Chemobrain Training App" */;
			compatibilityVersion = "Xcode 9.3";
			developmentRegion = en;
			hasScannedForEncodings = 0;
			knownRegions = (
				en,
				Base,
			);
			mainGroup = F222301A26690EDB00435E92;
			productRefGroup = F222302426690EDB00435E92 /* Products */;
			projectDirPath = "";
			projectRoot = "";
			targets = (
				F222302226690EDB00435E92 /* Chemobrain Training App */,
			);
		};
/* End PBXProject section */

/* Begin PBXResourcesBuildPhase section */
		F222302126690EDB00435E92 /* Resources */ = {
			isa = PBXResourcesBuildPhase;
			buildActionMask = 2147483647;
			files = (
				F222302E26690EDD00435E92 /* Preview Assets.xcassets in Resources */,
				F2E2A927268399C500143E69 /* GoogleService-Info.plist in Resources */,
				F222302B26690EDD00435E92 /* Assets.xcassets in Resources */,
			);
			runOnlyForDeploymentPostprocessing = 0;
		};
/* End PBXResourcesBuildPhase section */

/* Begin PBXShellScriptBuildPhase section */
		B64A1A1A0C4DF6AAE0ECCF8B /* [CP] Check Pods Manifest.lock */ = {
			isa = PBXShellScriptBuildPhase;
			buildActionMask = 2147483647;
			files = (
			);
			inputFileListPaths = (
			);
			inputPaths = (
				"${PODS_PODFILE_DIR_PATH}/Podfile.lock",
				"${PODS_ROOT}/Manifest.lock",
			);
			name = "[CP] Check Pods Manifest.lock";
			outputFileListPaths = (
			);
			outputPaths = (
				"$(DERIVED_FILE_DIR)/Pods-Chemobrain Training App-checkManifestLockResult.txt",
			);
			runOnlyForDeploymentPostprocessing = 0;
			shellPath = /bin/sh;
			shellScript = "diff \"${PODS_PODFILE_DIR_PATH}/Podfile.lock\" \"${PODS_ROOT}/Manifest.lock\" > /dev/null\nif [ $? != 0 ] ; then\n    # print error to STDERR\n    echo \"error: The sandbox is not in sync with the Podfile.lock. Run 'pod install' or update your CocoaPods installation.\" >&2\n    exit 1\nfi\n# This output is used by Xcode 'outputs' to avoid re-running this script phase.\necho \"SUCCESS\" > \"${SCRIPT_OUTPUT_FILE_0}\"\n";
			showEnvVarsInLog = 0;
		};
		C19B10EB416D4FBC54750D18 /* [CP] Embed Pods Frameworks */ = {
			isa = PBXShellScriptBuildPhase;
			buildActionMask = 2147483647;
			files = (
			);
			inputFileListPaths = (
				"${PODS_ROOT}/Target Support Files/Pods-Chemobrain Training App/Pods-Chemobrain Training App-frameworks-${CONFIGURATION}-input-files.xcfilelist",
			);
			name = "[CP] Embed Pods Frameworks";
			outputFileListPaths = (
				"${PODS_ROOT}/Target Support Files/Pods-Chemobrain Training App/Pods-Chemobrain Training App-frameworks-${CONFIGURATION}-output-files.xcfilelist",
			);
			runOnlyForDeploymentPostprocessing = 0;
			shellPath = /bin/sh;
			shellScript = "\"${PODS_ROOT}/Target Support Files/Pods-Chemobrain Training App/Pods-Chemobrain Training App-frameworks.sh\"\n";
			showEnvVarsInLog = 0;
		};
/* End PBXShellScriptBuildPhase section */

/* Begin PBXSourcesBuildPhase section */
		F222301F26690EDB00435E92 /* Sources */ = {
			isa = PBXSourcesBuildPhase;
			buildActionMask = 2147483647;
			files = (
				F222302926690EDB00435E92 /* ContentView.swift in Sources */,
				F251FF82267A4F6C004887FF /* LoginView.swift in Sources */,
				F2E2A9292684CD6900143E69 /* AppViewModel.swift in Sources */,
				F2A93F1D266FC7EB0067662D /* AppNavigationManager.swift in Sources */,
				F2A93F19266FBE830067662D /* MyButtonStyle.swift in Sources */,
				F251FF80267A4EEC004887FF /* RegisterView.swift in Sources */,
				F251FF7C267A4EA6004887FF /* HomeView.swift in Sources */,
				F222302726690EDB00435E92 /* Chemobrain_Training_AppApp.swift in Sources */,
			);
			runOnlyForDeploymentPostprocessing = 0;
		};
/* End PBXSourcesBuildPhase section */

/* Begin XCBuildConfiguration section */
		F222303026690EDD00435E92 /* Debug */ = {
			isa = XCBuildConfiguration;
			buildSettings = {
				ALWAYS_SEARCH_USER_PATHS = NO;
				CLANG_ANALYZER_NONNULL = YES;
				CLANG_ANALYZER_NUMBER_OBJECT_CONVERSION = YES_AGGRESSIVE;
				CLANG_CXX_LANGUAGE_STANDARD = "gnu++14";
				CLANG_CXX_LIBRARY = "libc++";
				CLANG_ENABLE_MODULES = YES;
				CLANG_ENABLE_OBJC_ARC = YES;
				CLANG_ENABLE_OBJC_WEAK = YES;
				CLANG_WARN_BLOCK_CAPTURE_AUTORELEASING = YES;
				CLANG_WARN_BOOL_CONVERSION = YES;
				CLANG_WARN_COMMA = YES;
				CLANG_WARN_CONSTANT_CONVERSION = YES;
				CLANG_WARN_DEPRECATED_OBJC_IMPLEMENTATIONS = YES;
				CLANG_WARN_DIRECT_OBJC_ISA_USAGE = YES_ERROR;
				CLANG_WARN_DOCUMENTATION_COMMENTS = YES;
				CLANG_WARN_EMPTY_BODY = YES;
				CLANG_WARN_ENUM_CONVERSION = YES;
				CLANG_WARN_INFINITE_RECURSION = YES;
				CLANG_WARN_INT_CONVERSION = YES;
				CLANG_WARN_NON_LITERAL_NULL_CONVERSION = YES;
				CLANG_WARN_OBJC_IMPLICIT_RETAIN_SELF = YES;
				CLANG_WARN_OBJC_LITERAL_CONVERSION = YES;
				CLANG_WARN_OBJC_ROOT_CLASS = YES_ERROR;
				CLANG_WARN_QUOTED_INCLUDE_IN_FRAMEWORK_HEADER = YES;
				CLANG_WARN_RANGE_LOOP_ANALYSIS = YES;
				CLANG_WARN_STRICT_PROTOTYPES = YES;
				CLANG_WARN_SUSPICIOUS_MOVE = YES;
				CLANG_WARN_UNGUARDED_AVAILABILITY = YES_AGGRESSIVE;
				CLANG_WARN_UNREACHABLE_CODE = YES;
				CLANG_WARN__DUPLICATE_METHOD_MATCH = YES;
				COPY_PHASE_STRIP = NO;
				DEBUG_INFORMATION_FORMAT = dwarf;
				ENABLE_STRICT_OBJC_MSGSEND = YES;
				ENABLE_TESTABILITY = YES;
				GCC_C_LANGUAGE_STANDARD = gnu11;
				GCC_DYNAMIC_NO_PIC = NO;
				GCC_NO_COMMON_BLOCKS = YES;
				GCC_OPTIMIZATION_LEVEL = 0;
				GCC_PREPROCESSOR_DEFINITIONS = (
					"DEBUG=1",
					"$(inherited)",
				);
				GCC_WARN_64_TO_32_BIT_CONVERSION = YES;
				GCC_WARN_ABOUT_RETURN_TYPE = YES_ERROR;
				GCC_WARN_UNDECLARED_SELECTOR = YES;
				GCC_WARN_UNINITIALIZED_AUTOS = YES_AGGRESSIVE;
				GCC_WARN_UNUSED_FUNCTION = YES;
				GCC_WARN_UNUSED_VARIABLE = YES;
				IPHONEOS_DEPLOYMENT_TARGET = 14.5;
				MTL_ENABLE_DEBUG_INFO = INCLUDE_SOURCE;
				MTL_FAST_MATH = YES;
				ONLY_ACTIVE_ARCH = YES;
				SDKROOT = iphoneos;
				SWIFT_ACTIVE_COMPILATION_CONDITIONS = DEBUG;
				SWIFT_OPTIMIZATION_LEVEL = "-Onone";
			};
			name = Debug;
		};
		F222303126690EDD00435E92 /* Release */ = {
			isa = XCBuildConfiguration;
			buildSettings = {
				ALWAYS_SEARCH_USER_PATHS = NO;
				CLANG_ANALYZER_NONNULL = YES;
				CLANG_ANALYZER_NUMBER_OBJECT_CONVERSION = YES_AGGRESSIVE;
				CLANG_CXX_LANGUAGE_STANDARD = "gnu++14";
				CLANG_CXX_LIBRARY = "libc++";
				CLANG_ENABLE_MODULES = YES;
				CLANG_ENABLE_OBJC_ARC = YES;
				CLANG_ENABLE_OBJC_WEAK = YES;
				CLANG_WARN_BLOCK_CAPTURE_AUTORELEASING = YES;
				CLANG_WARN_BOOL_CONVERSION = YES;
				CLANG_WARN_COMMA = YES;
				CLANG_WARN_CONSTANT_CONVERSION = YES;
				CLANG_WARN_DEPRECATED_OBJC_IMPLEMENTATIONS = YES;
				CLANG_WARN_DIRECT_OBJC_ISA_USAGE = YES_ERROR;
				CLANG_WARN_DOCUMENTATION_COMMENTS = YES;
				CLANG_WARN_EMPTY_BODY = YES;
				CLANG_WARN_ENUM_CONVERSION = YES;
				CLANG_WARN_INFINITE_RECURSION = YES;
				CLANG_WARN_INT_CONVERSION = YES;
				CLANG_WARN_NON_LITERAL_NULL_CONVERSION = YES;
				CLANG_WARN_OBJC_IMPLICIT_RETAIN_SELF = YES;
				CLANG_WARN_OBJC_LITERAL_CONVERSION = YES;
				CLANG_WARN_OBJC_ROOT_CLASS = YES_ERROR;
				CLANG_WARN_QUOTED_INCLUDE_IN_FRAMEWORK_HEADER = YES;
				CLANG_WARN_RANGE_LOOP_ANALYSIS = YES;
				CLANG_WARN_STRICT_PROTOTYPES = YES;
				CLANG_WARN_SUSPICIOUS_MOVE = YES;
				CLANG_WARN_UNGUARDED_AVAILABILITY = YES_AGGRESSIVE;
				CLANG_WARN_UNREACHABLE_CODE = YES;
				CLANG_WARN__DUPLICATE_METHOD_MATCH = YES;
				COPY_PHASE_STRIP = NO;
				DEBUG_INFORMATION_FORMAT = "dwarf-with-dsym";
				ENABLE_NS_ASSERTIONS = NO;
				ENABLE_STRICT_OBJC_MSGSEND = YES;
				GCC_C_LANGUAGE_STANDARD = gnu11;
				GCC_NO_COMMON_BLOCKS = YES;
				GCC_WARN_64_TO_32_BIT_CONVERSION = YES;
				GCC_WARN_ABOUT_RETURN_TYPE = YES_ERROR;
				GCC_WARN_UNDECLARED_SELECTOR = YES;
				GCC_WARN_UNINITIALIZED_AUTOS = YES_AGGRESSIVE;
				GCC_WARN_UNUSED_FUNCTION = YES;
				GCC_WARN_UNUSED_VARIABLE = YES;
				IPHONEOS_DEPLOYMENT_TARGET = 14.5;
				MTL_ENABLE_DEBUG_INFO = NO;
				MTL_FAST_MATH = YES;
				SDKROOT = iphoneos;
				SWIFT_COMPILATION_MODE = wholemodule;
				SWIFT_OPTIMIZATION_LEVEL = "-O";
				VALIDATE_PRODUCT = YES;
			};
			name = Release;
		};
		F222303326690EDD00435E92 /* Debug */ = {
			isa = XCBuildConfiguration;
			baseConfigurationReference = ABCD577C4DF6AD3744148D79 /* Pods-Chemobrain Training App.debug.xcconfig */;
			buildSettings = {
				ASSETCATALOG_COMPILER_APPICON_NAME = AppIcon;
				ASSETCATALOG_COMPILER_GLOBAL_ACCENT_COLOR_NAME = AccentColor;
				CODE_SIGN_STYLE = Automatic;
				DEVELOPMENT_ASSET_PATHS = "\"Chemobrain Training App/Preview Content\"";
				DEVELOPMENT_TEAM = Q9L4G9SA5N;
				ENABLE_PREVIEWS = YES;
				INFOPLIST_FILE = "Chemobrain Training App/Info.plist";
				IPHONEOS_DEPLOYMENT_TARGET = 14.0;
				LD_RUNPATH_SEARCH_PATHS = (
					"$(inherited)",
					"@executable_path/Frameworks",
				);
				PRODUCT_BUNDLE_IDENTIFIER = "Dom.Chemobrain-Training-App";
				PRODUCT_NAME = "$(TARGET_NAME)";
				SWIFT_VERSION = 5.0;
				TARGETED_DEVICE_FAMILY = "1,2";
			};
			name = Debug;
		};
		F222303426690EDD00435E92 /* Release */ = {
			isa = XCBuildConfiguration;
			baseConfigurationReference = 1E2A794953DAEE1FF8B3E20C /* Pods-Chemobrain Training App.release.xcconfig */;
			buildSettings = {
				ASSETCATALOG_COMPILER_APPICON_NAME = AppIcon;
				ASSETCATALOG_COMPILER_GLOBAL_ACCENT_COLOR_NAME = AccentColor;
				CODE_SIGN_STYLE = Automatic;
				DEVELOPMENT_ASSET_PATHS = "\"Chemobrain Training App/Preview Content\"";
				DEVELOPMENT_TEAM = Q9L4G9SA5N;
				ENABLE_PREVIEWS = YES;
				INFOPLIST_FILE = "Chemobrain Training App/Info.plist";
				IPHONEOS_DEPLOYMENT_TARGET = 14.0;
				LD_RUNPATH_SEARCH_PATHS = (
					"$(inherited)",
					"@executable_path/Frameworks",
				);
				PRODUCT_BUNDLE_IDENTIFIER = "Dom.Chemobrain-Training-App";
				PRODUCT_NAME = "$(TARGET_NAME)";
				SWIFT_VERSION = 5.0;
				TARGETED_DEVICE_FAMILY = "1,2";
			};
			name = Release;
		};
/* End XCBuildConfiguration section */

/* Begin XCConfigurationList section */
		F222301E26690EDB00435E92 /* Build configuration list for PBXProject "Chemobrain Training App" */ = {
			isa = XCConfigurationList;
			buildConfigurations = (
				F222303026690EDD00435E92 /* Debug */,
				F222303126690EDD00435E92 /* Release */,
			);
			defaultConfigurationIsVisible = 0;
			defaultConfigurationName = Release;
		};
		F222303226690EDD00435E92 /* Build configuration list for PBXNativeTarget "Chemobrain Training App" */ = {
			isa = XCConfigurationList;
			buildConfigurations = (
				F222303326690EDD00435E92 /* Debug */,
				F222303426690EDD00435E92 /* Release */,
			);
			defaultConfigurationIsVisible = 0;
			defaultConfigurationName = Release;
		};
/* End XCConfigurationList section */
	};
	rootObject = F222301B26690EDB00435E92 /* Project object */;
}
