// !$*UTF8*$!
{
	archiveVersion = 1;
	classes = {
	};
	objectVersion = 51;
	objects = {

/* Begin PBXBuildFile section */
		50686DE2C1406B5D89E530E1 /* Pods_Chemobrain_Training_App.framework in Frameworks */ = {isa = PBXBuildFile; fileRef = 5E0E6327E0A5018FFB88FA49 /* Pods_Chemobrain_Training_App.framework */; };
		F222302726690EDB00435E92 /* Chemobrain_Training_AppApp.swift in Sources */ = {isa = PBXBuildFile; fileRef = F222302626690EDB00435E92 /* Chemobrain_Training_AppApp.swift */; };
		F222302926690EDB00435E92 /* ContentView.swift in Sources */ = {isa = PBXBuildFile; fileRef = F222302826690EDB00435E92 /* ContentView.swift */; };
		F222302B26690EDD00435E92 /* Assets.xcassets in Resources */ = {isa = PBXBuildFile; fileRef = F222302A26690EDD00435E92 /* Assets.xcassets */; };
		F222302E26690EDD00435E92 /* Preview Assets.xcassets in Resources */ = {isa = PBXBuildFile; fileRef = F222302D26690EDD00435E92 /* Preview Assets.xcassets */; };
		F237AB6E26B02F9C00DC94A8 /* PlayerEngine.sks in Resources */ = {isa = PBXBuildFile; fileRef = F237AB6D26B02F9C00DC94A8 /* PlayerEngine.sks */; };
		F237AB7026B0329100DC94A8 /* GlowExtension.swift in Sources */ = {isa = PBXBuildFile; fileRef = F237AB6F26B0329100DC94A8 /* GlowExtension.swift */; };
		F237AB7626B8AB3E00DC94A8 /* Bundle-Decoding.swift in Sources */ = {isa = PBXBuildFile; fileRef = F237AB7526B8AB3E00DC94A8 /* Bundle-Decoding.swift */; };
		F237AB7A26C18D7E00DC94A8 /* score.wav in Resources */ = {isa = PBXBuildFile; fileRef = F237AB7926C18D7E00DC94A8 /* score.wav */; };
		F237AB7C26C18E5900DC94A8 /* the-hero.mp3 in Resources */ = {isa = PBXBuildFile; fileRef = F237AB7B26C18E5900DC94A8 /* the-hero.mp3 */; };
		F244F00026AF4D27006DE8EA /* SpriteKitScene.swift in Sources */ = {isa = PBXBuildFile; fileRef = F244EFFF26AF4D27006DE8EA /* SpriteKitScene.swift */; };
		F244F00326AF4F45006DE8EA /* Starfield.sks in Resources */ = {isa = PBXBuildFile; fileRef = F244F00126AF4F45006DE8EA /* Starfield.sks */; };
		F244F00426AF4F45006DE8EA /* Assets.xcassets in Resources */ = {isa = PBXBuildFile; fileRef = F244F00226AF4F45006DE8EA /* Assets.xcassets */; };
		F244F02426AF940C006DE8EA /* Assets.xcassets in Resources */ = {isa = PBXBuildFile; fileRef = F244F02226AF940C006DE8EA /* Assets.xcassets */; };
		F244F02826AF944C006DE8EA /* PortalSparks.sks in Resources */ = {isa = PBXBuildFile; fileRef = F244F02726AF944C006DE8EA /* PortalSparks.sks */; };
		F251FF7C267A4EA6004887FF /* HomeView.swift in Sources */ = {isa = PBXBuildFile; fileRef = F251FF7B267A4EA6004887FF /* HomeView.swift */; };
		F251FF80267A4EEC004887FF /* RegisterView.swift in Sources */ = {isa = PBXBuildFile; fileRef = F251FF7F267A4EEC004887FF /* RegisterView.swift */; };
		F251FF82267A4F6C004887FF /* LoginView.swift in Sources */ = {isa = PBXBuildFile; fileRef = F251FF81267A4F6C004887FF /* LoginView.swift */; };
		F290130C26D3F47200B850CD /* ExtensionSpriteKitScene.swift in Sources */ = {isa = PBXBuildFile; fileRef = F290130B26D3F47200B850CD /* ExtensionSpriteKitScene.swift */; };
		F290130E26D3FD1400B850CD /* TrialType.swift in Sources */ = {isa = PBXBuildFile; fileRef = F290130D26D3FD1400B850CD /* TrialType.swift */; };
		F290131126D4029E00B850CD /* TrialManager.swift in Sources */ = {isa = PBXBuildFile; fileRef = F290131026D4029E00B850CD /* TrialManager.swift */; };
		F290131326D40D3500B850CD /* test-trial.json in Resources */ = {isa = PBXBuildFile; fileRef = F290131226D40D3500B850CD /* test-trial.json */; };
		F290131526D7C49800B850CD /* ResponseKey.swift in Sources */ = {isa = PBXBuildFile; fileRef = F290131426D7C49800B850CD /* ResponseKey.swift */; };
		F290131826D8437800B850CD /* confirmation_002.wav in Resources */ = {isa = PBXBuildFile; fileRef = F290131726D8437800B850CD /* confirmation_002.wav */; };
		F290131A26D8443F00B850CD /* Explosion.sks in Resources */ = {isa = PBXBuildFile; fileRef = F290131926D8443F00B850CD /* Explosion.sks */; };
		F290131C26D844E300B850CD /* explosion1.wav in Resources */ = {isa = PBXBuildFile; fileRef = F290131B26D844E300B850CD /* explosion1.wav */; };
		F290131E26D8577900B850CD /* upgrade1.wav in Resources */ = {isa = PBXBuildFile; fileRef = F290131D26D8577900B850CD /* upgrade1.wav */; };
		F290132026DA767300B850CD /* DifficultyLevel.swift in Sources */ = {isa = PBXBuildFile; fileRef = F290131F26DA767300B850CD /* DifficultyLevel.swift */; };
		F2A93F19266FBE830067662D /* MyButtonStyle.swift in Sources */ = {isa = PBXBuildFile; fileRef = F2A93F18266FBE830067662D /* MyButtonStyle.swift */; };
		F2A93F1D266FC7EB0067662D /* AppNavigationManager.swift in Sources */ = {isa = PBXBuildFile; fileRef = F2A93F1C266FC7EB0067662D /* AppNavigationManager.swift */; };
		F2E2A927268399C500143E69 /* GoogleService-Info.plist in Resources */ = {isa = PBXBuildFile; fileRef = F2E2A926268399C500143E69 /* GoogleService-Info.plist */; };
		F2E2A9292684CD6900143E69 /* AppViewModel.swift in Sources */ = {isa = PBXBuildFile; fileRef = F2E2A9282684CD6900143E69 /* AppViewModel.swift */; };
		F2E2A92B2684E23E00143E69 /* GameScene.swift in Sources */ = {isa = PBXBuildFile; fileRef = F2E2A92A2684E23E00143E69 /* GameScene.swift */; };
/* End PBXBuildFile section */

/* Begin PBXFileReference section */
		0B75F642E8D283E0F7990AA0 /* Pods-Chemobrain Training App.release.xcconfig */ = {isa = PBXFileReference; includeInIndex = 1; lastKnownFileType = text.xcconfig; name = "Pods-Chemobrain Training App.release.xcconfig"; path = "Target Support Files/Pods-Chemobrain Training App/Pods-Chemobrain Training App.release.xcconfig"; sourceTree = "<group>"; };
		5E0E6327E0A5018FFB88FA49 /* Pods_Chemobrain_Training_App.framework */ = {isa = PBXFileReference; explicitFileType = wrapper.framework; includeInIndex = 0; path = Pods_Chemobrain_Training_App.framework; sourceTree = BUILT_PRODUCTS_DIR; };
		B1F50EB8C70967DD79A00CDA /* Pods-Chemobrain Training App.debug.xcconfig */ = {isa = PBXFileReference; includeInIndex = 1; lastKnownFileType = text.xcconfig; name = "Pods-Chemobrain Training App.debug.xcconfig"; path = "Target Support Files/Pods-Chemobrain Training App/Pods-Chemobrain Training App.debug.xcconfig"; sourceTree = "<group>"; };
		F222302326690EDB00435E92 /* Chemobrain Training App.app */ = {isa = PBXFileReference; explicitFileType = wrapper.application; includeInIndex = 0; path = "Chemobrain Training App.app"; sourceTree = BUILT_PRODUCTS_DIR; };
		F222302626690EDB00435E92 /* Chemobrain_Training_AppApp.swift */ = {isa = PBXFileReference; lastKnownFileType = sourcecode.swift; path = Chemobrain_Training_AppApp.swift; sourceTree = "<group>"; };
		F222302826690EDB00435E92 /* ContentView.swift */ = {isa = PBXFileReference; lastKnownFileType = sourcecode.swift; path = ContentView.swift; sourceTree = "<group>"; };
		F222302A26690EDD00435E92 /* Assets.xcassets */ = {isa = PBXFileReference; lastKnownFileType = folder.assetcatalog; path = Assets.xcassets; sourceTree = "<group>"; };
		F222302D26690EDD00435E92 /* Preview Assets.xcassets */ = {isa = PBXFileReference; lastKnownFileType = folder.assetcatalog; path = "Preview Assets.xcassets"; sourceTree = "<group>"; };
		F222302F26690EDD00435E92 /* Info.plist */ = {isa = PBXFileReference; lastKnownFileType = text.plist.xml; path = Info.plist; sourceTree = "<group>"; };
		F237AB6D26B02F9C00DC94A8 /* PlayerEngine.sks */ = {isa = PBXFileReference; lastKnownFileType = file.sks; path = PlayerEngine.sks; sourceTree = "<group>"; };
		F237AB6F26B0329100DC94A8 /* GlowExtension.swift */ = {isa = PBXFileReference; lastKnownFileType = sourcecode.swift; path = GlowExtension.swift; sourceTree = "<group>"; };
		F237AB7526B8AB3E00DC94A8 /* Bundle-Decoding.swift */ = {isa = PBXFileReference; lastKnownFileType = sourcecode.swift; path = "Bundle-Decoding.swift"; sourceTree = "<group>"; };
		F237AB7926C18D7E00DC94A8 /* score.wav */ = {isa = PBXFileReference; lastKnownFileType = audio.wav; path = score.wav; sourceTree = "<group>"; };
		F237AB7B26C18E5900DC94A8 /* the-hero.mp3 */ = {isa = PBXFileReference; lastKnownFileType = audio.mp3; path = "the-hero.mp3"; sourceTree = "<group>"; };
		F244EFFF26AF4D27006DE8EA /* SpriteKitScene.swift */ = {isa = PBXFileReference; lastKnownFileType = sourcecode.swift; path = SpriteKitScene.swift; sourceTree = "<group>"; };
		F244F00126AF4F45006DE8EA /* Starfield.sks */ = {isa = PBXFileReference; lastKnownFileType = file.sks; path = Starfield.sks; sourceTree = "<group>"; };
		F244F00226AF4F45006DE8EA /* Assets.xcassets */ = {isa = PBXFileReference; lastKnownFileType = folder.assetcatalog; path = Assets.xcassets; sourceTree = "<group>"; };
		F244F02226AF940C006DE8EA /* Assets.xcassets */ = {isa = PBXFileReference; lastKnownFileType = folder.assetcatalog; path = Assets.xcassets; sourceTree = "<group>"; };
		F244F02726AF944C006DE8EA /* PortalSparks.sks */ = {isa = PBXFileReference; lastKnownFileType = file.sks; path = PortalSparks.sks; sourceTree = "<group>"; };
		F251FF7B267A4EA6004887FF /* HomeView.swift */ = {isa = PBXFileReference; lastKnownFileType = sourcecode.swift; path = HomeView.swift; sourceTree = "<group>"; };
		F251FF7F267A4EEC004887FF /* RegisterView.swift */ = {isa = PBXFileReference; lastKnownFileType = sourcecode.swift; path = RegisterView.swift; sourceTree = "<group>"; };
		F251FF81267A4F6C004887FF /* LoginView.swift */ = {isa = PBXFileReference; lastKnownFileType = sourcecode.swift; path = LoginView.swift; sourceTree = "<group>"; };
		F290130B26D3F47200B850CD /* ExtensionSpriteKitScene.swift */ = {isa = PBXFileReference; lastKnownFileType = sourcecode.swift; path = ExtensionSpriteKitScene.swift; sourceTree = "<group>"; };
		F290130D26D3FD1400B850CD /* TrialType.swift */ = {isa = PBXFileReference; lastKnownFileType = sourcecode.swift; path = TrialType.swift; sourceTree = "<group>"; };
		F290131026D4029E00B850CD /* TrialManager.swift */ = {isa = PBXFileReference; lastKnownFileType = sourcecode.swift; path = TrialManager.swift; sourceTree = "<group>"; };
		F290131226D40D3500B850CD /* test-trial.json */ = {isa = PBXFileReference; lastKnownFileType = text.json; path = "test-trial.json"; sourceTree = "<group>"; };
		F290131426D7C49800B850CD /* ResponseKey.swift */ = {isa = PBXFileReference; lastKnownFileType = sourcecode.swift; path = ResponseKey.swift; sourceTree = "<group>"; };
		F290131726D8437800B850CD /* confirmation_002.wav */ = {isa = PBXFileReference; lastKnownFileType = audio.wav; path = confirmation_002.wav; sourceTree = "<group>"; };
		F290131926D8443F00B850CD /* Explosion.sks */ = {isa = PBXFileReference; lastKnownFileType = file.sks; path = Explosion.sks; sourceTree = "<group>"; };
		F290131B26D844E300B850CD /* explosion1.wav */ = {isa = PBXFileReference; lastKnownFileType = audio.wav; path = explosion1.wav; sourceTree = "<group>"; };
		F290131D26D8577900B850CD /* upgrade1.wav */ = {isa = PBXFileReference; lastKnownFileType = audio.wav; path = upgrade1.wav; sourceTree = "<group>"; };
		F290131F26DA767300B850CD /* DifficultyLevel.swift */ = {isa = PBXFileReference; lastKnownFileType = sourcecode.swift; path = DifficultyLevel.swift; sourceTree = "<group>"; };
		F2A93F18266FBE830067662D /* MyButtonStyle.swift */ = {isa = PBXFileReference; lastKnownFileType = sourcecode.swift; path = MyButtonStyle.swift; sourceTree = "<group>"; };
		F2A93F1C266FC7EB0067662D /* AppNavigationManager.swift */ = {isa = PBXFileReference; lastKnownFileType = sourcecode.swift; path = AppNavigationManager.swift; sourceTree = "<group>"; };
		F2E2A926268399C500143E69 /* GoogleService-Info.plist */ = {isa = PBXFileReference; fileEncoding = 4; lastKnownFileType = text.plist.xml; path = "GoogleService-Info.plist"; sourceTree = "<group>"; };
		F2E2A9282684CD6900143E69 /* AppViewModel.swift */ = {isa = PBXFileReference; lastKnownFileType = sourcecode.swift; path = AppViewModel.swift; sourceTree = "<group>"; };
		F2E2A92A2684E23E00143E69 /* GameScene.swift */ = {isa = PBXFileReference; lastKnownFileType = sourcecode.swift; path = GameScene.swift; sourceTree = "<group>"; };
/* End PBXFileReference section */

/* Begin PBXFrameworksBuildPhase section */
		F222302026690EDB00435E92 /* Frameworks */ = {
			isa = PBXFrameworksBuildPhase;
			buildActionMask = 2147483647;
			files = (
				50686DE2C1406B5D89E530E1 /* Pods_Chemobrain_Training_App.framework in Frameworks */,
			);
			runOnlyForDeploymentPostprocessing = 0;
		};
/* End PBXFrameworksBuildPhase section */

/* Begin PBXGroup section */
		6C16DA45A08ECAC0155369D8 /* Frameworks */ = {
			isa = PBXGroup;
			children = (
				5E0E6327E0A5018FFB88FA49 /* Pods_Chemobrain_Training_App.framework */,
			);
			name = Frameworks;
			sourceTree = "<group>";
		};
		9B08A5A9383B3F5D692F2AB3 /* Pods */ = {
			isa = PBXGroup;
			children = (
				B1F50EB8C70967DD79A00CDA /* Pods-Chemobrain Training App.debug.xcconfig */,
				0B75F642E8D283E0F7990AA0 /* Pods-Chemobrain Training App.release.xcconfig */,
			);
			path = Pods;
			sourceTree = "<group>";
		};
		F222301A26690EDB00435E92 = {
			isa = PBXGroup;
			children = (
				F222302526690EDB00435E92 /* Chemobrain Training App */,
				F222302426690EDB00435E92 /* Products */,
				9B08A5A9383B3F5D692F2AB3 /* Pods */,
				6C16DA45A08ECAC0155369D8 /* Frameworks */,
			);
			sourceTree = "<group>";
		};
		F222302426690EDB00435E92 /* Products */ = {
			isa = PBXGroup;
			children = (
				F222302326690EDB00435E92 /* Chemobrain Training App.app */,
			);
			name = Products;
			sourceTree = "<group>";
		};
		F222302526690EDB00435E92 /* Chemobrain Training App */ = {
			isa = PBXGroup;
			children = (
				F222302626690EDB00435E92 /* Chemobrain_Training_AppApp.swift */,
				F251FF7E267A4EBF004887FF /* Model */,
				F251FF7D267A4EB1004887FF /* View */,
				F251FF83267A4FA1004887FF /* Controller */,
				F222302A26690EDD00435E92 /* Assets.xcassets */,
				F2E2A926268399C500143E69 /* GoogleService-Info.plist */,
				F222302F26690EDD00435E92 /* Info.plist */,
				F222302C26690EDD00435E92 /* Preview Content */,
			);
			path = "Chemobrain Training App";
			sourceTree = "<group>";
		};
		F222302C26690EDD00435E92 /* Preview Content */ = {
			isa = PBXGroup;
			children = (
				F222302D26690EDD00435E92 /* Preview Assets.xcassets */,
			);
			path = "Preview Content";
			sourceTree = "<group>";
		};
		F244F00526AF56AA006DE8EA /* GameComponents */ = {
			isa = PBXGroup;
			children = (
				F2E2A92A2684E23E00143E69 /* GameScene.swift */,
				F244EFFF26AF4D27006DE8EA /* SpriteKitScene.swift */,
				F290130D26D3FD1400B850CD /* TrialType.swift */,
				F290131026D4029E00B850CD /* TrialManager.swift */,
				F290131426D7C49800B850CD /* ResponseKey.swift */,
				F290131226D40D3500B850CD /* test-trial.json */,
				F237AB7526B8AB3E00DC94A8 /* Bundle-Decoding.swift */,
				F290130B26D3F47200B850CD /* ExtensionSpriteKitScene.swift */,
				F237AB6F26B0329100DC94A8 /* GlowExtension.swift */,
				F244F00126AF4F45006DE8EA /* Starfield.sks */,
				F244F02726AF944C006DE8EA /* PortalSparks.sks */,
				F237AB6D26B02F9C00DC94A8 /* PlayerEngine.sks */,
				F290131926D8443F00B850CD /* Explosion.sks */,
				F290131B26D844E300B850CD /* explosion1.wav */,
				F290131D26D8577900B850CD /* upgrade1.wav */,
				F237AB7B26C18E5900DC94A8 /* the-hero.mp3 */,
				F237AB7926C18D7E00DC94A8 /* score.wav */,
				F290131726D8437800B850CD /* confirmation_002.wav */,
				F244F02226AF940C006DE8EA /* Assets.xcassets */,
			);
			path = GameComponents;
			sourceTree = "<group>";
		};
		F251FF7D267A4EB1004887FF /* View */ = {
			isa = PBXGroup;
			children = (
				F222302826690EDB00435E92 /* ContentView.swift */,
				F251FF7B267A4EA6004887FF /* HomeView.swift */,
				F251FF7F267A4EEC004887FF /* RegisterView.swift */,
				F251FF81267A4F6C004887FF /* LoginView.swift */,
				F244F00526AF56AA006DE8EA /* GameComponents */,
				F244F00226AF4F45006DE8EA /* Assets.xcassets */,
			);
			path = View;
			sourceTree = "<group>";
		};
		F251FF7E267A4EBF004887FF /* Model */ = {
			isa = PBXGroup;
			children = (
				F2A93F18266FBE830067662D /* MyButtonStyle.swift */,
				F2E2A9282684CD6900143E69 /* AppViewModel.swift */,
				F290131F26DA767300B850CD /* DifficultyLevel.swift */,
			);
			path = Model;
			sourceTree = "<group>";
		};
		F251FF83267A4FA1004887FF /* Controller */ = {
			isa = PBXGroup;
			children = (
				F2A93F1C266FC7EB0067662D /* AppNavigationManager.swift */,
			);
			path = Controller;
			sourceTree = "<group>";
		};
/* End PBXGroup section */

/* Begin PBXNativeTarget section */
		F222302226690EDB00435E92 /* Chemobrain Training App */ = {
			isa = PBXNativeTarget;
			buildConfigurationList = F222303226690EDD00435E92 /* Build configuration list for PBXNativeTarget "Chemobrain Training App" */;
			buildPhases = (
				FAC87B4576F82D63D0E9B71A /* [CP] Check Pods Manifest.lock */,
				F222301F26690EDB00435E92 /* Sources */,
				F222302026690EDB00435E92 /* Frameworks */,
				F222302126690EDB00435E92 /* Resources */,
				BC46D3931561E59FF012AD48 /* [CP] Embed Pods Frameworks */,
			);
			buildRules = (
			);
			dependencies = (
			);
			name = "Chemobrain Training App";
			productName = "Chemobrain Training App";
			productReference = F222302326690EDB00435E92 /* Chemobrain Training App.app */;
			productType = "com.apple.product-type.application";
		};
/* End PBXNativeTarget section */

/* Begin PBXProject section */
		F222301B26690EDB00435E92 /* Project object */ = {
			isa = PBXProject;
			attributes = {
				LastSwiftUpdateCheck = 1250;
				LastUpgradeCheck = 1250;
				TargetAttributes = {
					F222302226690EDB00435E92 = {
						CreatedOnToolsVersion = 12.5;
					};
				};
			};
			buildConfigurationList = F222301E26690EDB00435E92 /* Build configuration list for PBXProject "Chemobrain Training App" */;
			compatibilityVersion = "Xcode 9.3";
			developmentRegion = en;
			hasScannedForEncodings = 0;
			knownRegions = (
				en,
				Base,
			);
			mainGroup = F222301A26690EDB00435E92;
			productRefGroup = F222302426690EDB00435E92 /* Products */;
			projectDirPath = "";
			projectRoot = "";
			targets = (
				F222302226690EDB00435E92 /* Chemobrain Training App */,
			);
		};
/* End PBXProject section */

/* Begin PBXResourcesBuildPhase section */
		F222302126690EDB00435E92 /* Resources */ = {
			isa = PBXResourcesBuildPhase;
			buildActionMask = 2147483647;
			files = (
				F290131C26D844E300B850CD /* explosion1.wav in Resources */,
				F222302E26690EDD00435E92 /* Preview Assets.xcassets in Resources */,
				F237AB7C26C18E5900DC94A8 /* the-hero.mp3 in Resources */,
				F290131826D8437800B850CD /* confirmation_002.wav in Resources */,
				F244F02826AF944C006DE8EA /* PortalSparks.sks in Resources */,
				F237AB7A26C18D7E00DC94A8 /* score.wav in Resources */,
				F290131A26D8443F00B850CD /* Explosion.sks in Resources */,
				F237AB6E26B02F9C00DC94A8 /* PlayerEngine.sks in Resources */,
				F290131E26D8577900B850CD /* upgrade1.wav in Resources */,
				F244F00326AF4F45006DE8EA /* Starfield.sks in Resources */,
				F2E2A927268399C500143E69 /* GoogleService-Info.plist in Resources */,
				F290131326D40D3500B850CD /* test-trial.json in Resources */,
				F244F00426AF4F45006DE8EA /* Assets.xcassets in Resources */,
				F244F02426AF940C006DE8EA /* Assets.xcassets in Resources */,
				F222302B26690EDD00435E92 /* Assets.xcassets in Resources */,
			);
			runOnlyForDeploymentPostprocessing = 0;
		};
/* End PBXResourcesBuildPhase section */

/* Begin PBXShellScriptBuildPhase section */
		BC46D3931561E59FF012AD48 /* [CP] Embed Pods Frameworks */ = {
			isa = PBXShellScriptBuildPhase;
			buildActionMask = 2147483647;
			files = (
			);
			inputFileListPaths = (
				"${PODS_ROOT}/Target Support Files/Pods-Chemobrain Training App/Pods-Chemobrain Training App-frameworks-${CONFIGURATION}-input-files.xcfilelist",
			);
			name = "[CP] Embed Pods Frameworks";
			outputFileListPaths = (
				"${PODS_ROOT}/Target Support Files/Pods-Chemobrain Training App/Pods-Chemobrain Training App-frameworks-${CONFIGURATION}-output-files.xcfilelist",
			);
			runOnlyForDeploymentPostprocessing = 0;
			shellPath = /bin/sh;
			shellScript = "\"${PODS_ROOT}/Target Support Files/Pods-Chemobrain Training App/Pods-Chemobrain Training App-frameworks.sh\"\n";
			showEnvVarsInLog = 0;
		};
		FAC87B4576F82D63D0E9B71A /* [CP] Check Pods Manifest.lock */ = {
			isa = PBXShellScriptBuildPhase;
			buildActionMask = 2147483647;
			files = (
			);
			inputFileListPaths = (
			);
			inputPaths = (
				"${PODS_PODFILE_DIR_PATH}/Podfile.lock",
				"${PODS_ROOT}/Manifest.lock",
			);
			name = "[CP] Check Pods Manifest.lock";
			outputFileListPaths = (
			);
			outputPaths = (
				"$(DERIVED_FILE_DIR)/Pods-Chemobrain Training App-checkManifestLockResult.txt",
			);
			runOnlyForDeploymentPostprocessing = 0;
			shellPath = /bin/sh;
			shellScript = "diff \"${PODS_PODFILE_DIR_PATH}/Podfile.lock\" \"${PODS_ROOT}/Manifest.lock\" > /dev/null\nif [ $? != 0 ] ; then\n    # print error to STDERR\n    echo \"error: The sandbox is not in sync with the Podfile.lock. Run 'pod install' or update your CocoaPods installation.\" >&2\n    exit 1\nfi\n# This output is used by Xcode 'outputs' to avoid re-running this script phase.\necho \"SUCCESS\" > \"${SCRIPT_OUTPUT_FILE_0}\"\n";
			showEnvVarsInLog = 0;
		};
/* End PBXShellScriptBuildPhase section */

/* Begin PBXSourcesBuildPhase section */
		F222301F26690EDB00435E92 /* Sources */ = {
			isa = PBXSourcesBuildPhase;
			buildActionMask = 2147483647;
			files = (
				F222302926690EDB00435E92 /* ContentView.swift in Sources */,
				F251FF82267A4F6C004887FF /* LoginView.swift in Sources */,
				F244F00026AF4D27006DE8EA /* SpriteKitScene.swift in Sources */,
				F2E2A9292684CD6900143E69 /* AppViewModel.swift in Sources */,
				F290131526D7C49800B850CD /* ResponseKey.swift in Sources */,
				F290131126D4029E00B850CD /* TrialManager.swift in Sources */,
				F290130C26D3F47200B850CD /* ExtensionSpriteKitScene.swift in Sources */,
				F2E2A92B2684E23E00143E69 /* GameScene.swift in Sources */,
				F290130E26D3FD1400B850CD /* TrialType.swift in Sources */,
				F2A93F1D266FC7EB0067662D /* AppNavigationManager.swift in Sources */,
				F2A93F19266FBE830067662D /* MyButtonStyle.swift in Sources */,
				F251FF80267A4EEC004887FF /* RegisterView.swift in Sources */,
				F290132026DA767300B850CD /* DifficultyLevel.swift in Sources */,
				F251FF7C267A4EA6004887FF /* HomeView.swift in Sources */,
				F237AB7026B0329100DC94A8 /* GlowExtension.swift in Sources */,
				F222302726690EDB00435E92 /* Chemobrain_Training_AppApp.swift in Sources */,
				F237AB7626B8AB3E00DC94A8 /* Bundle-Decoding.swift in Sources */,
			);
			runOnlyForDeploymentPostprocessing = 0;
		};
/* End PBXSourcesBuildPhase section */

/* Begin XCBuildConfiguration section */
		F222303026690EDD00435E92 /* Debug */ = {
			isa = XCBuildConfiguration;
			buildSettings = {
				ALWAYS_SEARCH_USER_PATHS = NO;
				CLANG_ANALYZER_NONNULL = YES;
				CLANG_ANALYZER_NUMBER_OBJECT_CONVERSION = YES_AGGRESSIVE;
				CLANG_CXX_LANGUAGE_STANDARD = "gnu++14";
				CLANG_CXX_LIBRARY = "libc++";
				CLANG_ENABLE_MODULES = YES;
				CLANG_ENABLE_OBJC_ARC = YES;
				CLANG_ENABLE_OBJC_WEAK = YES;
				CLANG_WARN_BLOCK_CAPTURE_AUTORELEASING = YES;
				CLANG_WARN_BOOL_CONVERSION = YES;
				CLANG_WARN_COMMA = YES;
				CLANG_WARN_CONSTANT_CONVERSION = YES;
				CLANG_WARN_DEPRECATED_OBJC_IMPLEMENTATIONS = YES;
				CLANG_WARN_DIRECT_OBJC_ISA_USAGE = YES_ERROR;
				CLANG_WARN_DOCUMENTATION_COMMENTS = YES;
				CLANG_WARN_EMPTY_BODY = YES;
				CLANG_WARN_ENUM_CONVERSION = YES;
				CLANG_WARN_INFINITE_RECURSION = YES;
				CLANG_WARN_INT_CONVERSION = YES;
				CLANG_WARN_NON_LITERAL_NULL_CONVERSION = YES;
				CLANG_WARN_OBJC_IMPLICIT_RETAIN_SELF = YES;
				CLANG_WARN_OBJC_LITERAL_CONVERSION = YES;
				CLANG_WARN_OBJC_ROOT_CLASS = YES_ERROR;
				CLANG_WARN_QUOTED_INCLUDE_IN_FRAMEWORK_HEADER = YES;
				CLANG_WARN_RANGE_LOOP_ANALYSIS = YES;
				CLANG_WARN_STRICT_PROTOTYPES = YES;
				CLANG_WARN_SUSPICIOUS_MOVE = YES;
				CLANG_WARN_UNGUARDED_AVAILABILITY = YES_AGGRESSIVE;
				CLANG_WARN_UNREACHABLE_CODE = YES;
				CLANG_WARN__DUPLICATE_METHOD_MATCH = YES;
				COPY_PHASE_STRIP = NO;
				DEBUG_INFORMATION_FORMAT = dwarf;
				ENABLE_STRICT_OBJC_MSGSEND = YES;
				ENABLE_TESTABILITY = YES;
				GCC_C_LANGUAGE_STANDARD = gnu11;
				GCC_DYNAMIC_NO_PIC = NO;
				GCC_NO_COMMON_BLOCKS = YES;
				GCC_OPTIMIZATION_LEVEL = 0;
				GCC_PREPROCESSOR_DEFINITIONS = (
					"DEBUG=1",
					"$(inherited)",
				);
				GCC_WARN_64_TO_32_BIT_CONVERSION = YES;
				GCC_WARN_ABOUT_RETURN_TYPE = YES_ERROR;
				GCC_WARN_UNDECLARED_SELECTOR = YES;
				GCC_WARN_UNINITIALIZED_AUTOS = YES_AGGRESSIVE;
				GCC_WARN_UNUSED_FUNCTION = YES;
				GCC_WARN_UNUSED_VARIABLE = YES;
				IPHONEOS_DEPLOYMENT_TARGET = 14.5;
				MTL_ENABLE_DEBUG_INFO = INCLUDE_SOURCE;
				MTL_FAST_MATH = YES;
				ONLY_ACTIVE_ARCH = YES;
				SDKROOT = iphoneos;
				SWIFT_ACTIVE_COMPILATION_CONDITIONS = DEBUG;
				SWIFT_OPTIMIZATION_LEVEL = "-Onone";
			};
			name = Debug;
		};
		F222303126690EDD00435E92 /* Release */ = {
			isa = XCBuildConfiguration;
			buildSettings = {
				ALWAYS_SEARCH_USER_PATHS = NO;
				CLANG_ANALYZER_NONNULL = YES;
				CLANG_ANALYZER_NUMBER_OBJECT_CONVERSION = YES_AGGRESSIVE;
				CLANG_CXX_LANGUAGE_STANDARD = "gnu++14";
				CLANG_CXX_LIBRARY = "libc++";
				CLANG_ENABLE_MODULES = YES;
				CLANG_ENABLE_OBJC_ARC = YES;
				CLANG_ENABLE_OBJC_WEAK = YES;
				CLANG_WARN_BLOCK_CAPTURE_AUTORELEASING = YES;
				CLANG_WARN_BOOL_CONVERSION = YES;
				CLANG_WARN_COMMA = YES;
				CLANG_WARN_CONSTANT_CONVERSION = YES;
				CLANG_WARN_DEPRECATED_OBJC_IMPLEMENTATIONS = YES;
				CLANG_WARN_DIRECT_OBJC_ISA_USAGE = YES_ERROR;
				CLANG_WARN_DOCUMENTATION_COMMENTS = YES;
				CLANG_WARN_EMPTY_BODY = YES;
				CLANG_WARN_ENUM_CONVERSION = YES;
				CLANG_WARN_INFINITE_RECURSION = YES;
				CLANG_WARN_INT_CONVERSION = YES;
				CLANG_WARN_NON_LITERAL_NULL_CONVERSION = YES;
				CLANG_WARN_OBJC_IMPLICIT_RETAIN_SELF = YES;
				CLANG_WARN_OBJC_LITERAL_CONVERSION = YES;
				CLANG_WARN_OBJC_ROOT_CLASS = YES_ERROR;
				CLANG_WARN_QUOTED_INCLUDE_IN_FRAMEWORK_HEADER = YES;
				CLANG_WARN_RANGE_LOOP_ANALYSIS = YES;
				CLANG_WARN_STRICT_PROTOTYPES = YES;
				CLANG_WARN_SUSPICIOUS_MOVE = YES;
				CLANG_WARN_UNGUARDED_AVAILABILITY = YES_AGGRESSIVE;
				CLANG_WARN_UNREACHABLE_CODE = YES;
				CLANG_WARN__DUPLICATE_METHOD_MATCH = YES;
				COPY_PHASE_STRIP = NO;
				DEBUG_INFORMATION_FORMAT = "dwarf-with-dsym";
				ENABLE_NS_ASSERTIONS = NO;
				ENABLE_STRICT_OBJC_MSGSEND = YES;
				GCC_C_LANGUAGE_STANDARD = gnu11;
				GCC_NO_COMMON_BLOCKS = YES;
				GCC_WARN_64_TO_32_BIT_CONVERSION = YES;
				GCC_WARN_ABOUT_RETURN_TYPE = YES_ERROR;
				GCC_WARN_UNDECLARED_SELECTOR = YES;
				GCC_WARN_UNINITIALIZED_AUTOS = YES_AGGRESSIVE;
				GCC_WARN_UNUSED_FUNCTION = YES;
				GCC_WARN_UNUSED_VARIABLE = YES;
				IPHONEOS_DEPLOYMENT_TARGET = 14.5;
				MTL_ENABLE_DEBUG_INFO = NO;
				MTL_FAST_MATH = YES;
				SDKROOT = iphoneos;
				SWIFT_COMPILATION_MODE = wholemodule;
				SWIFT_OPTIMIZATION_LEVEL = "-O";
				VALIDATE_PRODUCT = YES;
			};
			name = Release;
		};
		F222303326690EDD00435E92 /* Debug */ = {
			isa = XCBuildConfiguration;
			baseConfigurationReference = B1F50EB8C70967DD79A00CDA /* Pods-Chemobrain Training App.debug.xcconfig */;
			buildSettings = {
				ASSETCATALOG_COMPILER_APPICON_NAME = AppIcon;
				ASSETCATALOG_COMPILER_GLOBAL_ACCENT_COLOR_NAME = AccentColor;
				CODE_SIGN_STYLE = Automatic;
				DEVELOPMENT_ASSET_PATHS = "\"Chemobrain Training App/Preview Content\"";
				DEVELOPMENT_TEAM = Q9L4G9SA5N;
				ENABLE_PREVIEWS = YES;
				INFOPLIST_FILE = "Chemobrain Training App/Info.plist";
				IPHONEOS_DEPLOYMENT_TARGET = 14.1;
				LD_RUNPATH_SEARCH_PATHS = (
					"$(inherited)",
					"@executable_path/Frameworks",
				);
				PRODUCT_BUNDLE_IDENTIFIER = "Dom.Chemobrain-Training-App";
				PRODUCT_NAME = "$(TARGET_NAME)";
				SWIFT_VERSION = 5.0;
				TARGETED_DEVICE_FAMILY = "1,2";
			};
			name = Debug;
		};
		F222303426690EDD00435E92 /* Release */ = {
			isa = XCBuildConfiguration;
			baseConfigurationReference = 0B75F642E8D283E0F7990AA0 /* Pods-Chemobrain Training App.release.xcconfig */;
			buildSettings = {
				ASSETCATALOG_COMPILER_APPICON_NAME = AppIcon;
				ASSETCATALOG_COMPILER_GLOBAL_ACCENT_COLOR_NAME = AccentColor;
				CODE_SIGN_STYLE = Automatic;
				DEVELOPMENT_ASSET_PATHS = "\"Chemobrain Training App/Preview Content\"";
				DEVELOPMENT_TEAM = Q9L4G9SA5N;
				ENABLE_PREVIEWS = YES;
				INFOPLIST_FILE = "Chemobrain Training App/Info.plist";
				IPHONEOS_DEPLOYMENT_TARGET = 14.1;
				LD_RUNPATH_SEARCH_PATHS = (
					"$(inherited)",
					"@executable_path/Frameworks",
				);
				PRODUCT_BUNDLE_IDENTIFIER = "Dom.Chemobrain-Training-App";
				PRODUCT_NAME = "$(TARGET_NAME)";
				SWIFT_VERSION = 5.0;
				TARGETED_DEVICE_FAMILY = "1,2";
			};
			name = Release;
		};
/* End XCBuildConfiguration section */

/* Begin XCConfigurationList section */
		F222301E26690EDB00435E92 /* Build configuration list for PBXProject "Chemobrain Training App" */ = {
			isa = XCConfigurationList;
			buildConfigurations = (
				F222303026690EDD00435E92 /* Debug */,
				F222303126690EDD00435E92 /* Release */,
			);
			defaultConfigurationIsVisible = 0;
			defaultConfigurationName = Release;
		};
		F222303226690EDD00435E92 /* Build configuration list for PBXNativeTarget "Chemobrain Training App" */ = {
			isa = XCConfigurationList;
			buildConfigurations = (
				F222303326690EDD00435E92 /* Debug */,
				F222303426690EDD00435E92 /* Release */,
			);
			defaultConfigurationIsVisible = 0;
			defaultConfigurationName = Release;
		};
/* End XCConfigurationList section */
	};
	rootObject = F222301B26690EDB00435E92 /* Project object */;
}
